
Microsoft Visual Studio Solution File, Format Version 12.00
# Visual Studio Version 16
VisualStudioVersion = 16.0.29403.142
MinimumVisualStudioVersion = 10.0.40219.1
Project("{FAE04EC0-301F-11D3-BF4B-00C04F79EFBC}") = "Assinment_Task_2_quiz", "Assinment_Task_2_quiz\Assinment_Task_2_quiz.csproj", "{C02445A3-278F-43EA-90AE-D9E80851C732}"
EndProject
Global
	GlobalSection(SolutionConfigurationPlatforms) = preSolution
		Debug|Any CPU = Debug|Any CPU
		Release|Any CPU = Release|Any CPU
	EndGlobalSection
	GlobalSection(ProjectConfigurationPlatforms) = postSolution
		{C02445A3-278F-43EA-90AE-D9E80851C732}.Debug|Any CPU.ActiveCfg = Debug|Any CPU
		{C02445A3-278F-43EA-90AE-D9E80851C732}.Debug|Any CPU.Build.0 = Debug|Any CPU
		{C02445A3-278F-43EA-90AE-D9E80851C732}.Release|Any CPU.ActiveCfg = Release|Any CPU
		{C02445A3-278F-43EA-90AE-D9E80851C732}.Release|Any CPU.Build.0 = Release|Any CPU
	EndGlobalSection
	GlobalSection(SolutionProperties) = preSolution
		HideSolutionNode = FALSE
	EndGlobalSection
	GlobalSection(ExtensibilityGlobals) = postSolution
		SolutionGuid = {F3753776-F882-4DF7-8BD1-3C8007D01003}
	EndGlobalSection
EndGlobal
